// !$*UTF8*$!
{
	archiveVersion = 1;
	classes = {
	};
	objectVersion = 50;
	objects = {

/* Begin PBXBuildFile section */
		660822F6265DEA0F00C9DD21 /* onlineWeiboViewController.m in Sources */ = {isa = PBXBuildFile; fileRef = 660822F5265DEA0F00C9DD21 /* onlineWeiboViewController.m */; };
		660822F8265DEA1100C9DD21 /* WebViewController.m in Sources */ = {isa = PBXBuildFile; fileRef = 660822F7265DEA1100C9DD21 /* WebViewController.m */; };
		660A743626603924003AD3E5 /* userItem.m in Sources */ = {isa = PBXBuildFile; fileRef = 660A743526603924003AD3E5 /* userItem.m */; };
		660A743926603E0D003AD3E5 /* imageItem.m in Sources */ = {isa = PBXBuildFile; fileRef = 660A743826603E0D003AD3E5 /* imageItem.m */; };
		660A743C2660404C003AD3E5 /* alItem.m in Sources */ = {isa = PBXBuildFile; fileRef = 660A743B2660404C003AD3E5 /* alItem.m */; };
		661ACF75265433640032CADD /* AppDelegate.m in Sources */ = {isa = PBXBuildFile; fileRef = 661ACF74265433640032CADD /* AppDelegate.m */; };
		661ACF7D265433670032CADD /* Assets.xcassets in Resources */ = {isa = PBXBuildFile; fileRef = 661ACF7C265433670032CADD /* Assets.xcassets */; };
		661ACF83265433670032CADD /* main.m in Sources */ = {isa = PBXBuildFile; fileRef = 661ACF82265433670032CADD /* main.m */; };
		66349DCB265878C500FEBAFC /* MessageViewController.m in Sources */ = {isa = PBXBuildFile; fileRef = 66349DCA265878C500FEBAFC /* MessageViewController.m */; };
		66349DCE265878DB00FEBAFC /* MyViewController.m in Sources */ = {isa = PBXBuildFile; fileRef = 66349DCD265878DB00FEBAFC /* MyViewController.m */; };
		663D53022655457E0048E81B /* browse.png in Resources */ = {isa = PBXBuildFile; fileRef = 663D53012655457D0048E81B /* browse.png */; };
		663D5304265545930048E81B /* email.png in Resources */ = {isa = PBXBuildFile; fileRef = 663D5303265545930048E81B /* email.png */; };
		665D514B26616E1E007580BA /* pinglun.png in Resources */ = {isa = PBXBuildFile; fileRef = 665D514A26616E1E007580BA /* pinglun.png */; };
		665D514D26616E23007580BA /* dianzan.png in Resources */ = {isa = PBXBuildFile; fileRef = 665D514C26616E23007580BA /* dianzan.png */; };
		665D51512661832A007580BA /* fenxiang.png in Resources */ = {isa = PBXBuildFile; fileRef = 665D51502661832A007580BA /* fenxiang.png */; };
		665D51562661A299007580BA /* favorite-filling.png in Resources */ = {isa = PBXBuildFile; fileRef = 665D51552661A298007580BA /* favorite-filling.png */; };
		665D51582661A29E007580BA /* favorite.png in Resources */ = {isa = PBXBuildFile; fileRef = 665D51572661A29E007580BA /* favorite.png */; };
		665D515A2661AFAD007580BA /* photo.jpg in Resources */ = {isa = PBXBuildFile; fileRef = 665D51592661AFAD007580BA /* photo.jpg */; };
		665D515C2661B1F9007580BA /* dog.jpg in Resources */ = {isa = PBXBuildFile; fileRef = 665D515B2661B1F8007580BA /* dog.jpg */; };
		665D515E2661B2C2007580BA /* heart.jpg in Resources */ = {isa = PBXBuildFile; fileRef = 665D515D2661B2C2007580BA /* heart.jpg */; };
		665D51602661B341007580BA /* moon.jpg in Resources */ = {isa = PBXBuildFile; fileRef = 665D515F2661B341007580BA /* moon.jpg */; };
		665D51622661C309007580BA /* onlineWeiboTableViewCell.m in Sources */ = {isa = PBXBuildFile; fileRef = 665D51612661C309007580BA /* onlineWeiboTableViewCell.m */; };
		6665ED81265B5C2C002485E3 /* editViewController.m in Sources */ = {isa = PBXBuildFile; fileRef = 6665ED80265B5C2C002485E3 /* editViewController.m */; };
		6665ED98265BABF2002485E3 /* home.png in Resources */ = {isa = PBXBuildFile; fileRef = 6665ED97265BABF2002485E3 /* home.png */; };
		6665ED99265BAD8F002485E3 /* search.png in Resources */ = {isa = PBXBuildFile; fileRef = 6665ED8F265BAB59002485E3 /* search.png */; };
		66ACE427265EF28200D43448 /* WeiboViewController.m in Sources */ = {isa = PBXBuildFile; fileRef = 66ACE422265EF28200D43448 /* WeiboViewController.m */; };
		66ACE428265EF28200D43448 /* WeiboTableViewCell.m in Sources */ = {isa = PBXBuildFile; fileRef = 66ACE423265EF28200D43448 /* WeiboTableViewCell.m */; };
		66ACE42B265F1A4200D43448 /* weiboItem.m in Sources */ = {isa = PBXBuildFile; fileRef = 66ACE42A265F1A4200D43448 /* weiboItem.m */; };
		66ACE431265F4D3600D43448 /* wbListLoader.m in Sources */ = {isa = PBXBuildFile; fileRef = 66ACE430265F4D3600D43448 /* wbListLoader.m */; };
		66B98954265BC6500092CC83 /* profile.jpg in Resources */ = {isa = PBXBuildFile; fileRef = 66B98953265BC6500092CC83 /* profile.jpg */; };
/* End PBXBuildFile section */

/* Begin PBXFileReference section */
		6606E5DF265EF1000019A1DE /* WebViewController.h */ = {isa = PBXFileReference; lastKnownFileType = sourcecode.c.h; name = WebViewController.h; path = Weibo/Controller/WebViewController.h; sourceTree = SOURCE_ROOT; };
		66070EFA265ECA10004A355E /* onlineWeiboTableViewCell.h */ = {isa = PBXFileReference; lastKnownFileType = sourcecode.c.h; path = onlineWeiboTableViewCell.h; sourceTree = "<group>"; };
		660822F5265DEA0F00C9DD21 /* onlineWeiboViewController.m */ = {isa = PBXFileReference; lastKnownFileType = sourcecode.c.objc; path = onlineWeiboViewController.m; sourceTree = "<group>"; };
		660822F7265DEA1100C9DD21 /* WebViewController.m */ = {isa = PBXFileReference; lastKnownFileType = sourcecode.c.objc; path = WebViewController.m; sourceTree = "<group>"; };
		660822FB265DEA3E00C9DD21 /* onlineWeiboViewController.h */ = {isa = PBXFileReference; lastKnownFileType = sourcecode.c.h; path = onlineWeiboViewController.h; sourceTree = "<group>"; };
		660A743426603924003AD3E5 /* userItem.h */ = {isa = PBXFileReference; lastKnownFileType = sourcecode.c.h; path = userItem.h; sourceTree = "<group>"; };
		660A743526603924003AD3E5 /* userItem.m */ = {isa = PBXFileReference; lastKnownFileType = sourcecode.c.objc; path = userItem.m; sourceTree = "<group>"; };
		660A743726603E0D003AD3E5 /* imageItem.h */ = {isa = PBXFileReference; lastKnownFileType = sourcecode.c.h; path = imageItem.h; sourceTree = "<group>"; };
		660A743826603E0D003AD3E5 /* imageItem.m */ = {isa = PBXFileReference; lastKnownFileType = sourcecode.c.objc; path = imageItem.m; sourceTree = "<group>"; };
		660A743A2660404C003AD3E5 /* alItem.h */ = {isa = PBXFileReference; lastKnownFileType = sourcecode.c.h; path = alItem.h; sourceTree = "<group>"; };
		660A743B2660404C003AD3E5 /* alItem.m */ = {isa = PBXFileReference; lastKnownFileType = sourcecode.c.objc; path = alItem.m; sourceTree = "<group>"; };
		661ACF70265433640032CADD /* Weibo.app */ = {isa = PBXFileReference; explicitFileType = wrapper.application; includeInIndex = 0; path = Weibo.app; sourceTree = BUILT_PRODUCTS_DIR; };
		661ACF73265433640032CADD /* AppDelegate.h */ = {isa = PBXFileReference; lastKnownFileType = sourcecode.c.h; path = AppDelegate.h; sourceTree = "<group>"; };
		661ACF74265433640032CADD /* AppDelegate.m */ = {isa = PBXFileReference; lastKnownFileType = sourcecode.c.objc; path = AppDelegate.m; sourceTree = "<group>"; };
		661ACF7C265433670032CADD /* Assets.xcassets */ = {isa = PBXFileReference; lastKnownFileType = folder.assetcatalog; path = Assets.xcassets; sourceTree = "<group>"; };
		661ACF82265433670032CADD /* main.m */ = {isa = PBXFileReference; lastKnownFileType = sourcecode.c.objc; path = main.m; sourceTree = "<group>"; };
		66349DC9265878C500FEBAFC /* MessageViewController.h */ = {isa = PBXFileReference; lastKnownFileType = sourcecode.c.h; path = MessageViewController.h; sourceTree = "<group>"; };
		66349DCA265878C500FEBAFC /* MessageViewController.m */ = {isa = PBXFileReference; lastKnownFileType = sourcecode.c.objc; path = MessageViewController.m; sourceTree = "<group>"; };
		66349DCC265878DB00FEBAFC /* MyViewController.h */ = {isa = PBXFileReference; lastKnownFileType = sourcecode.c.h; path = MyViewController.h; sourceTree = "<group>"; };
		66349DCD265878DB00FEBAFC /* MyViewController.m */ = {isa = PBXFileReference; lastKnownFileType = sourcecode.c.objc; path = MyViewController.m; sourceTree = "<group>"; };
		663D53012655457D0048E81B /* browse.png */ = {isa = PBXFileReference; lastKnownFileType = image.png; path = browse.png; sourceTree = "<group>"; };
		663D5303265545930048E81B /* email.png */ = {isa = PBXFileReference; lastKnownFileType = image.png; path = email.png; sourceTree = "<group>"; };
		664259D6265EE6CC00142547 /* Info.plist */ = {isa = PBXFileReference; fileEncoding = 4; lastKnownFileType = text.plist.xml; path = Info.plist; sourceTree = "<group>"; };
		665D514A26616E1E007580BA /* pinglun.png */ = {isa = PBXFileReference; lastKnownFileType = image.png; name = pinglun.png; path = ../../../../../Downloads/pinglun.png; sourceTree = "<group>"; };
		665D514C26616E23007580BA /* dianzan.png */ = {isa = PBXFileReference; lastKnownFileType = image.png; name = dianzan.png; path = ../../../../../Downloads/dianzan.png; sourceTree = "<group>"; };
		665D51502661832A007580BA /* fenxiang.png */ = {isa = PBXFileReference; lastKnownFileType = image.png; name = fenxiang.png; path = ../../../../../Downloads/fenxiang.png; sourceTree = "<group>"; };
		665D51552661A298007580BA /* favorite-filling.png */ = {isa = PBXFileReference; lastKnownFileType = image.png; name = "favorite-filling.png"; path = "../../../../../Downloads/favorite-filling.png"; sourceTree = "<group>"; };
		665D51572661A29E007580BA /* favorite.png */ = {isa = PBXFileReference; lastKnownFileType = image.png; name = favorite.png; path = ../../../../../Downloads/favorite.png; sourceTree = "<group>"; };
		665D51592661AFAD007580BA /* photo.jpg */ = {isa = PBXFileReference; lastKnownFileType = image.jpeg; name = photo.jpg; path = ../../../../photo.jpg; sourceTree = "<group>"; };
		665D515B2661B1F8007580BA /* dog.jpg */ = {isa = PBXFileReference; lastKnownFileType = image.jpeg; name = dog.jpg; path = ../../../../dog.jpg; sourceTree = "<group>"; };
		665D515D2661B2C2007580BA /* heart.jpg */ = {isa = PBXFileReference; lastKnownFileType = image.jpeg; name = heart.jpg; path = ../../../../heart.jpg; sourceTree = "<group>"; };
		665D515F2661B341007580BA /* moon.jpg */ = {isa = PBXFileReference; lastKnownFileType = image.jpeg; name = moon.jpg; path = ../../../../moon.jpg; sourceTree = "<group>"; };
		665D51612661C309007580BA /* onlineWeiboTableViewCell.m */ = {isa = PBXFileReference; fileEncoding = 4; lastKnownFileType = sourcecode.c.objc; path = onlineWeiboTableViewCell.m; sourceTree = "<group>"; };
		6665ED7F265B5C2C002485E3 /* editViewController.h */ = {isa = PBXFileReference; lastKnownFileType = sourcecode.c.h; path = editViewController.h; sourceTree = "<group>"; };
		6665ED80265B5C2C002485E3 /* editViewController.m */ = {isa = PBXFileReference; lastKnownFileType = sourcecode.c.objc; path = editViewController.m; sourceTree = "<group>"; };
		6665ED8F265BAB59002485E3 /* search.png */ = {isa = PBXFileReference; lastKnownFileType = image.png; path = search.png; sourceTree = "<group>"; };
		6665ED97265BABF2002485E3 /* home.png */ = {isa = PBXFileReference; lastKnownFileType = image.png; path = home.png; sourceTree = "<group>"; };
		66ACE422265EF28200D43448 /* WeiboViewController.m */ = {isa = PBXFileReference; fileEncoding = 4; lastKnownFileType = sourcecode.c.objc; path = WeiboViewController.m; sourceTree = "<group>"; };
		66ACE423265EF28200D43448 /* WeiboTableViewCell.m */ = {isa = PBXFileReference; fileEncoding = 4; lastKnownFileType = sourcecode.c.objc; path = WeiboTableViewCell.m; sourceTree = "<group>"; };
		66ACE424265EF28200D43448 /* WeiboTableViewCell.h */ = {isa = PBXFileReference; fileEncoding = 4; lastKnownFileType = sourcecode.c.h; path = WeiboTableViewCell.h; sourceTree = "<group>"; };
		66ACE425265EF28200D43448 /* WeiboViewController.h */ = {isa = PBXFileReference; fileEncoding = 4; lastKnownFileType = sourcecode.c.h; path = WeiboViewController.h; sourceTree = "<group>"; };
		66ACE429265F1A4200D43448 /* weiboItem.h */ = {isa = PBXFileReference; lastKnownFileType = sourcecode.c.h; path = weiboItem.h; sourceTree = "<group>"; };
		66ACE42A265F1A4200D43448 /* weiboItem.m */ = {isa = PBXFileReference; lastKnownFileType = sourcecode.c.objc; path = weiboItem.m; sourceTree = "<group>"; };
		66ACE42F265F4D3600D43448 /* wbListLoader.h */ = {isa = PBXFileReference; lastKnownFileType = sourcecode.c.h; path = wbListLoader.h; sourceTree = "<group>"; };
		66ACE430265F4D3600D43448 /* wbListLoader.m */ = {isa = PBXFileReference; lastKnownFileType = sourcecode.c.objc; path = wbListLoader.m; sourceTree = "<group>"; };
		66B98953265BC6500092CC83 /* profile.jpg */ = {isa = PBXFileReference; lastKnownFileType = image.jpeg; path = profile.jpg; sourceTree = "<group>"; };
/* End PBXFileReference section */

/* Begin PBXFrameworksBuildPhase section */
		661ACF6D265433640032CADD /* Frameworks */ = {
			isa = PBXFrameworksBuildPhase;
			buildActionMask = 2147483647;
			files = (
			);
			runOnlyForDeploymentPostprocessing = 0;
		};
/* End PBXFrameworksBuildPhase section */

/* Begin PBXGroup section */
		66070EF7265EA158004A355E /* Model */ = {
			isa = PBXGroup;
			children = (
				66ACE429265F1A4200D43448 /* weiboItem.h */,
				66ACE42A265F1A4200D43448 /* weiboItem.m */,
				66ACE42F265F4D3600D43448 /* wbListLoader.h */,
				66ACE430265F4D3600D43448 /* wbListLoader.m */,
				660A743426603924003AD3E5 /* userItem.h */,
				660A743526603924003AD3E5 /* userItem.m */,
				660A743726603E0D003AD3E5 /* imageItem.h */,
				660A743826603E0D003AD3E5 /* imageItem.m */,
				660A743A2660404C003AD3E5 /* alItem.h */,
				660A743B2660404C003AD3E5 /* alItem.m */,
			);
			path = Model;
			sourceTree = "<group>";
		};
		66070EF8265EA192004A355E /* View */ = {
			isa = PBXGroup;
			children = (
				66070EFA265ECA10004A355E /* onlineWeiboTableViewCell.h */,
				665D51612661C309007580BA /* onlineWeiboTableViewCell.m */,
			);
			path = View;
			sourceTree = "<group>";
		};
		66070EF9265EA1A7004A355E /* Controller */ = {
			isa = PBXGroup;
			children = (
				660822FB265DEA3E00C9DD21 /* onlineWeiboViewController.h */,
				660822F5265DEA0F00C9DD21 /* onlineWeiboViewController.m */,
				6606E5DF265EF1000019A1DE /* WebViewController.h */,
				660822F7265DEA1100C9DD21 /* WebViewController.m */,
			);
			path = Controller;
			sourceTree = "<group>";
		};
		66070EFD265ECA31004A355E /* Controller */ = {
			isa = PBXGroup;
			children = (
				6665ED80265B5C2C002485E3 /* editViewController.m */,
				6665ED7F265B5C2C002485E3 /* editViewController.h */,
				66ACE422265EF28200D43448 /* WeiboViewController.m */,
				66ACE425265EF28200D43448 /* WeiboViewController.h */,
			);
			path = Controller;
			sourceTree = "<group>";
		};
		66070EFE265ECA42004A355E /* View */ = {
			isa = PBXGroup;
			children = (
				66ACE423265EF28200D43448 /* WeiboTableViewCell.m */,
				66ACE424265EF28200D43448 /* WeiboTableViewCell.h */,
			);
			path = View;
			sourceTree = "<group>";
		};
		66070EFF265ECA4B004A355E /* Model */ = {
			isa = PBXGroup;
			children = (
			);
			path = Model;
			sourceTree = "<group>";
		};
		661ACF67265433640032CADD = {
			isa = PBXGroup;
			children = (
				661ACF72265433640032CADD /* Weibo */,
				661ACF71265433640032CADD /* Products */,
			);
			sourceTree = "<group>";
		};
		661ACF71265433640032CADD /* Products */ = {
			isa = PBXGroup;
			children = (
				661ACF70265433640032CADD /* Weibo.app */,
			);
			name = Products;
			sourceTree = "<group>";
		};
		661ACF72265433640032CADD /* Weibo */ = {
			isa = PBXGroup;
			children = (
				661ACF7C265433670032CADD /* Assets.xcassets */,
				664259D6265EE6CC00142547 /* Info.plist */,
				6665ED83265BA9FE002485E3 /* 本地 */,
				66EB300B265BE2B000DBF805 /* Main */,
				66EB3009265BE20700DBF805 /* image */,
				66EB3008265BE1B700DBF805 /* 发现 */,
				6665ED88265BAAD3002485E3 /* 消息 */,
				6665ED85265BAA69002485E3 /* 我的 */,
			);
			path = Weibo;
			sourceTree = "<group>";
		};
		6665ED83265BA9FE002485E3 /* 本地 */ = {
			isa = PBXGroup;
			children = (
				66070EFF265ECA4B004A355E /* Model */,
				66070EFE265ECA42004A355E /* View */,
				66070EFD265ECA31004A355E /* Controller */,
			);
			path = "本地";
			sourceTree = "<group>";
		};
		6665ED85265BAA69002485E3 /* 我的 */ = {
			isa = PBXGroup;
			children = (
				66349DCC265878DB00FEBAFC /* MyViewController.h */,
				66349DCD265878DB00FEBAFC /* MyViewController.m */,
			);
			path = "我的";
			sourceTree = "<group>";
		};
		6665ED88265BAAD3002485E3 /* 消息 */ = {
			isa = PBXGroup;
			children = (
				66349DC9265878C500FEBAFC /* MessageViewController.h */,
				66349DCA265878C500FEBAFC /* MessageViewController.m */,
			);
			path = "消息";
			sourceTree = "<group>";
		};
		66EB3008265BE1B700DBF805 /* 发现 */ = {
			isa = PBXGroup;
			children = (
				66070EF9265EA1A7004A355E /* Controller */,
				66070EF8265EA192004A355E /* View */,
				66070EF7265EA158004A355E /* Model */,
			);
			name = "发现";
			sourceTree = "<group>";
		};
		66EB3009265BE20700DBF805 /* image */ = {
			isa = PBXGroup;
			children = (
				6665ED97265BABF2002485E3 /* home.png */,
				6665ED8F265BAB59002485E3 /* search.png */,
				663D53012655457D0048E81B /* browse.png */,
				665D51552661A298007580BA /* favorite-filling.png */,
				665D51572661A29E007580BA /* favorite.png */,
				663D5303265545930048E81B /* email.png */,
				665D51592661AFAD007580BA /* photo.jpg */,
				665D51502661832A007580BA /* fenxiang.png */,
				665D514A26616E1E007580BA /* pinglun.png */,
				665D515B2661B1F8007580BA /* dog.jpg */,
				665D514C26616E23007580BA /* dianzan.png */,
				665D515F2661B341007580BA /* moon.jpg */,
				665D515D2661B2C2007580BA /* heart.jpg */,
				66B98953265BC6500092CC83 /* profile.jpg */,
			);
			path = image;
			sourceTree = "<group>";
		};
		66EB300B265BE2B000DBF805 /* Main */ = {
			isa = PBXGroup;
			children = (
				661ACF82265433670032CADD /* main.m */,
				661ACF73265433640032CADD /* AppDelegate.h */,
				661ACF74265433640032CADD /* AppDelegate.m */,
			);
			path = Main;
			sourceTree = "<group>";
		};
/* End PBXGroup section */

/* Begin PBXNativeTarget section */
		661ACF6F265433640032CADD /* Weibo */ = {
			isa = PBXNativeTarget;
			buildConfigurationList = 661ACF86265433670032CADD /* Build configuration list for PBXNativeTarget "Weibo" */;
			buildPhases = (
				661ACF6C265433640032CADD /* Sources */,
				661ACF6D265433640032CADD /* Frameworks */,
				661ACF6E265433640032CADD /* Resources */,
			);
			buildRules = (
			);
			dependencies = (
			);
			name = Weibo;
			productName = Weibo;
			productReference = 661ACF70265433640032CADD /* Weibo.app */;
			productType = "com.apple.product-type.application";
		};
/* End PBXNativeTarget section */

/* Begin PBXProject section */
		661ACF68265433640032CADD /* Project object */ = {
			isa = PBXProject;
			attributes = {
				LastUpgradeCheck = 1010;
				ORGANIZATIONNAME = Linfeikai;
				TargetAttributes = {
					661ACF6F265433640032CADD = {
						CreatedOnToolsVersion = 10.1;
					};
				};
			};
			buildConfigurationList = 661ACF6B265433640032CADD /* Build configuration list for PBXProject "Weibo" */;
			compatibilityVersion = "Xcode 9.3";
			developmentRegion = en;
			hasScannedForEncodings = 0;
			knownRegions = (
				en,
				Base,
			);
			mainGroup = 661ACF67265433640032CADD;
			productRefGroup = 661ACF71265433640032CADD /* Products */;
			projectDirPath = "";
			projectRoot = "";
			targets = (
				661ACF6F265433640032CADD /* Weibo */,
			);
		};
/* End PBXProject section */

/* Begin PBXResourcesBuildPhase section */
		661ACF6E265433640032CADD /* Resources */ = {
			isa = PBXResourcesBuildPhase;
			buildActionMask = 2147483647;
			files = (
				6665ED98265BABF2002485E3 /* home.png in Resources */,
				665D51562661A299007580BA /* favorite-filling.png in Resources */,
				66B98954265BC6500092CC83 /* profile.jpg in Resources */,
				665D514B26616E1E007580BA /* pinglun.png in Resources */,
				665D514D26616E23007580BA /* dianzan.png in Resources */,
				665D515C2661B1F9007580BA /* dog.jpg in Resources */,
				665D51582661A29E007580BA /* favorite.png in Resources */,
				665D51602661B341007580BA /* moon.jpg in Resources */,
				661ACF7D265433670032CADD /* Assets.xcassets in Resources */,
				665D515A2661AFAD007580BA /* photo.jpg in Resources */,
				6665ED99265BAD8F002485E3 /* search.png in Resources */,
				665D51512661832A007580BA /* fenxiang.png in Resources */,
				665D515E2661B2C2007580BA /* heart.jpg in Resources */,
				663D5304265545930048E81B /* email.png in Resources */,
				663D53022655457E0048E81B /* browse.png in Resources */,
			);
			runOnlyForDeploymentPostprocessing = 0;
		};
/* End PBXResourcesBuildPhase section */

/* Begin PBXSourcesBuildPhase section */
		661ACF6C265433640032CADD /* Sources */ = {
			isa = PBXSourcesBuildPhase;
			buildActionMask = 2147483647;
			files = (
				660822F6265DEA0F00C9DD21 /* onlineWeiboViewController.m in Sources */,
				66ACE427265EF28200D43448 /* WeiboViewController.m in Sources */,
				6665ED81265B5C2C002485E3 /* editViewController.m in Sources */,
				665D51622661C309007580BA /* onlineWeiboTableViewCell.m in Sources */,
				660A743626603924003AD3E5 /* userItem.m in Sources */,
				660822F8265DEA1100C9DD21 /* WebViewController.m in Sources */,
				66ACE42B265F1A4200D43448 /* weiboItem.m in Sources */,
				66ACE428265EF28200D43448 /* WeiboTableViewCell.m in Sources */,
				660A743926603E0D003AD3E5 /* imageItem.m in Sources */,
				66349DCE265878DB00FEBAFC /* MyViewController.m in Sources */,
				661ACF83265433670032CADD /* main.m in Sources */,
				660A743C2660404C003AD3E5 /* alItem.m in Sources */,
				66ACE431265F4D3600D43448 /* wbListLoader.m in Sources */,
				66349DCB265878C500FEBAFC /* MessageViewController.m in Sources */,
				661ACF75265433640032CADD /* AppDelegate.m in Sources */,
			);
			runOnlyForDeploymentPostprocessing = 0;
		};
/* End PBXSourcesBuildPhase section */

/* Begin XCBuildConfiguration section */
		661ACF84265433670032CADD /* Debug */ = {
			isa = XCBuildConfiguration;
			buildSettings = {
				ALWAYS_SEARCH_USER_PATHS = NO;
				CLANG_ANALYZER_NONNULL = YES;
				CLANG_ANALYZER_NUMBER_OBJECT_CONVERSION = YES_AGGRESSIVE;
				CLANG_CXX_LANGUAGE_STANDARD = "gnu++14";
				CLANG_CXX_LIBRARY = "libc++";
				CLANG_ENABLE_MODULES = YES;
				CLANG_ENABLE_OBJC_ARC = YES;
				CLANG_ENABLE_OBJC_WEAK = YES;
				CLANG_WARN_BLOCK_CAPTURE_AUTORELEASING = YES;
				CLANG_WARN_BOOL_CONVERSION = YES;
				CLANG_WARN_COMMA = YES;
				CLANG_WARN_CONSTANT_CONVERSION = YES;
				CLANG_WARN_DEPRECATED_OBJC_IMPLEMENTATIONS = YES;
				CLANG_WARN_DIRECT_OBJC_ISA_USAGE = YES_ERROR;
				CLANG_WARN_DOCUMENTATION_COMMENTS = YES;
				CLANG_WARN_EMPTY_BODY = YES;
				CLANG_WARN_ENUM_CONVERSION = YES;
				CLANG_WARN_INFINITE_RECURSION = YES;
				CLANG_WARN_INT_CONVERSION = YES;
				CLANG_WARN_NON_LITERAL_NULL_CONVERSION = YES;
				CLANG_WARN_OBJC_IMPLICIT_RETAIN_SELF = YES;
				CLANG_WARN_OBJC_LITERAL_CONVERSION = YES;
				CLANG_WARN_OBJC_ROOT_CLASS = YES_ERROR;
				CLANG_WARN_RANGE_LOOP_ANALYSIS = YES;
				CLANG_WARN_STRICT_PROTOTYPES = YES;
				CLANG_WARN_SUSPICIOUS_MOVE = YES;
				CLANG_WARN_UNGUARDED_AVAILABILITY = YES_AGGRESSIVE;
				CLANG_WARN_UNREACHABLE_CODE = YES;
				CLANG_WARN__DUPLICATE_METHOD_MATCH = YES;
				CODE_SIGN_IDENTITY = "iPhone Developer";
				COPY_PHASE_STRIP = NO;
				DEBUG_INFORMATION_FORMAT = dwarf;
				ENABLE_STRICT_OBJC_MSGSEND = YES;
				ENABLE_TESTABILITY = YES;
				GCC_C_LANGUAGE_STANDARD = gnu11;
				GCC_DYNAMIC_NO_PIC = NO;
				GCC_NO_COMMON_BLOCKS = YES;
				GCC_OPTIMIZATION_LEVEL = 0;
				GCC_PREPROCESSOR_DEFINITIONS = (
					"DEBUG=1",
					"$(inherited)",
				);
				GCC_WARN_64_TO_32_BIT_CONVERSION = YES;
				GCC_WARN_ABOUT_RETURN_TYPE = YES_ERROR;
				GCC_WARN_UNDECLARED_SELECTOR = YES;
				GCC_WARN_UNINITIALIZED_AUTOS = YES_AGGRESSIVE;
				GCC_WARN_UNUSED_FUNCTION = YES;
				GCC_WARN_UNUSED_VARIABLE = YES;
				IPHONEOS_DEPLOYMENT_TARGET = 12.1;
				MTL_ENABLE_DEBUG_INFO = INCLUDE_SOURCE;
				MTL_FAST_MATH = YES;
				ONLY_ACTIVE_ARCH = YES;
				SDKROOT = iphoneos;
			};
			name = Debug;
		};
		661ACF85265433670032CADD /* Release */ = {
			isa = XCBuildConfiguration;
			buildSettings = {
				ALWAYS_SEARCH_USER_PATHS = NO;
				CLANG_ANALYZER_NONNULL = YES;
				CLANG_ANALYZER_NUMBER_OBJECT_CONVERSION = YES_AGGRESSIVE;
				CLANG_CXX_LANGUAGE_STANDARD = "gnu++14";
				CLANG_CXX_LIBRARY = "libc++";
				CLANG_ENABLE_MODULES = YES;
				CLANG_ENABLE_OBJC_ARC = YES;
				CLANG_ENABLE_OBJC_WEAK = YES;
				CLANG_WARN_BLOCK_CAPTURE_AUTORELEASING = YES;
				CLANG_WARN_BOOL_CONVERSION = YES;
				CLANG_WARN_COMMA = YES;
				CLANG_WARN_CONSTANT_CONVERSION = YES;
				CLANG_WARN_DEPRECATED_OBJC_IMPLEMENTATIONS = YES;
				CLANG_WARN_DIRECT_OBJC_ISA_USAGE = YES_ERROR;
				CLANG_WARN_DOCUMENTATION_COMMENTS = YES;
				CLANG_WARN_EMPTY_BODY = YES;
				CLANG_WARN_ENUM_CONVERSION = YES;
				CLANG_WARN_INFINITE_RECURSION = YES;
				CLANG_WARN_INT_CONVERSION = YES;
				CLANG_WARN_NON_LITERAL_NULL_CONVERSION = YES;
				CLANG_WARN_OBJC_IMPLICIT_RETAIN_SELF = YES;
				CLANG_WARN_OBJC_LITERAL_CONVERSION = YES;
				CLANG_WARN_OBJC_ROOT_CLASS = YES_ERROR;
				CLANG_WARN_RANGE_LOOP_ANALYSIS = YES;
				CLANG_WARN_STRICT_PROTOTYPES = YES;
				CLANG_WARN_SUSPICIOUS_MOVE = YES;
				CLANG_WARN_UNGUARDED_AVAILABILITY = YES_AGGRESSIVE;
				CLANG_WARN_UNREACHABLE_CODE = YES;
				CLANG_WARN__DUPLICATE_METHOD_MATCH = YES;
				CODE_SIGN_IDENTITY = "iPhone Developer";
				COPY_PHASE_STRIP = NO;
				DEBUG_INFORMATION_FORMAT = "dwarf-with-dsym";
				ENABLE_NS_ASSERTIONS = NO;
				ENABLE_STRICT_OBJC_MSGSEND = YES;
				GCC_C_LANGUAGE_STANDARD = gnu11;
				GCC_NO_COMMON_BLOCKS = YES;
				GCC_WARN_64_TO_32_BIT_CONVERSION = YES;
				GCC_WARN_ABOUT_RETURN_TYPE = YES_ERROR;
				GCC_WARN_UNDECLARED_SELECTOR = YES;
				GCC_WARN_UNINITIALIZED_AUTOS = YES_AGGRESSIVE;
				GCC_WARN_UNUSED_FUNCTION = YES;
				GCC_WARN_UNUSED_VARIABLE = YES;
				IPHONEOS_DEPLOYMENT_TARGET = 12.1;
				MTL_ENABLE_DEBUG_INFO = NO;
				MTL_FAST_MATH = YES;
				SDKROOT = iphoneos;
				VALIDATE_PRODUCT = YES;
			};
			name = Release;
		};
		661ACF87265433670032CADD /* Debug */ = {
			isa = XCBuildConfiguration;
			buildSettings = {
				ASSETCATALOG_COMPILER_APPICON_NAME = AppIcon;
				CODE_SIGN_STYLE = Automatic;
				INFOPLIST_FILE = Weibo/Info.plist;
				LD_RUNPATH_SEARCH_PATHS = (
					"$(inherited)",
					"@executable_path/Frameworks",
				);
				PRODUCT_BUNDLE_IDENTIFIER = Linfeikai.Weibo;
				PRODUCT_NAME = "$(TARGET_NAME)";
				TARGETED_DEVICE_FAMILY = "1,2";
			};
			name = Debug;
		};
		661ACF88265433670032CADD /* Release */ = {
			isa = XCBuildConfiguration;
			buildSettings = {
				ASSETCATALOG_COMPILER_APPICON_NAME = AppIcon;
				CODE_SIGN_STYLE = Automatic;
				INFOPLIST_FILE = Weibo/Info.plist;
				LD_RUNPATH_SEARCH_PATHS = (
					"$(inherited)",
					"@executable_path/Frameworks",
				);
				PRODUCT_BUNDLE_IDENTIFIER = Linfeikai.Weibo;
				PRODUCT_NAME = "$(TARGET_NAME)";
				TARGETED_DEVICE_FAMILY = "1,2";
			};
			name = Release;
		};
/* End XCBuildConfiguration section */

/* Begin XCConfigurationList section */
		661ACF6B265433640032CADD /* Build configuration list for PBXProject "Weibo" */ = {
			isa = XCConfigurationList;
			buildConfigurations = (
				661ACF84265433670032CADD /* Debug */,
				661ACF85265433670032CADD /* Release */,
			);
			defaultConfigurationIsVisible = 0;
			defaultConfigurationName = Release;
		};
		661ACF86265433670032CADD /* Build configuration list for PBXNativeTarget "Weibo" */ = {
			isa = XCConfigurationList;
			buildConfigurations = (
				661ACF87265433670032CADD /* Debug */,
				661ACF88265433670032CADD /* Release */,
			);
			defaultConfigurationIsVisible = 0;
			defaultConfigurationName = Release;
		};
/* End XCConfigurationList section */
	};
	rootObject = 661ACF68265433640032CADD /* Project object */;
}
