// !$*UTF8*$!
{
	archiveVersion = 1;
	classes = {
	};
	objectVersion = 50;
	objects = {

/* Begin PBXBuildFile section */
		661ACF75265433640032CADD /* AppDelegate.m in Sources */ = {isa = PBXBuildFile; fileRef = 661ACF74265433640032CADD /* AppDelegate.m */; };
		661ACF78265433640032CADD /* ViewController.m in Sources */ = {isa = PBXBuildFile; fileRef = 661ACF77265433640032CADD /* ViewController.m */; };
		661ACF7D265433670032CADD /* Assets.xcassets in Resources */ = {isa = PBXBuildFile; fileRef = 661ACF7C265433670032CADD /* Assets.xcassets */; };
		661ACF80265433670032CADD /* LaunchScreen.storyboard in Resources */ = {isa = PBXBuildFile; fileRef = 661ACF7E265433670032CADD /* LaunchScreen.storyboard */; };
		661ACF83265433670032CADD /* main.m in Sources */ = {isa = PBXBuildFile; fileRef = 661ACF82265433670032CADD /* main.m */; };
		66349DBF265753BC00FEBAFC /* WebViewController.m in Sources */ = {isa = PBXBuildFile; fileRef = 66349DBE265753BC00FEBAFC /* WebViewController.m */; };
		66349DC52658787300FEBAFC /* WeiboViewController.m in Sources */ = {isa = PBXBuildFile; fileRef = 66349DC42658787300FEBAFC /* WeiboViewController.m */; };
		66349DC82658789E00FEBAFC /* DiscoverViewController.m in Sources */ = {isa = PBXBuildFile; fileRef = 66349DC72658789E00FEBAFC /* DiscoverViewController.m */; };
		66349DCB265878C500FEBAFC /* MessageViewController.m in Sources */ = {isa = PBXBuildFile; fileRef = 66349DCA265878C500FEBAFC /* MessageViewController.m */; };
		66349DCE265878DB00FEBAFC /* MyViewController.m in Sources */ = {isa = PBXBuildFile; fileRef = 66349DCD265878DB00FEBAFC /* MyViewController.m */; };
		663D53022655457E0048E81B /* browse.png in Resources */ = {isa = PBXBuildFile; fileRef = 663D53012655457D0048E81B /* browse.png */; };
		663D5304265545930048E81B /* email.png in Resources */ = {isa = PBXBuildFile; fileRef = 663D5303265545930048E81B /* email.png */; };
		6665ED81265B5C2C002485E3 /* editViewController.m in Sources */ = {isa = PBXBuildFile; fileRef = 6665ED80265B5C2C002485E3 /* editViewController.m */; };
		6665ED98265BABF2002485E3 /* home1.png in Resources */ = {isa = PBXBuildFile; fileRef = 6665ED97265BABF2002485E3 /* home1.png */; };
		6665ED99265BAD8F002485E3 /* search.png in Resources */ = {isa = PBXBuildFile; fileRef = 6665ED8F265BAB59002485E3 /* search.png */; };
		66B98952265BB0330092CC83 /* WeiboTableViewCell.m in Sources */ = {isa = PBXBuildFile; fileRef = 66B98951265BB0330092CC83 /* WeiboTableViewCell.m */; };
		66B98954265BC6500092CC83 /* profile.jpg in Resources */ = {isa = PBXBuildFile; fileRef = 66B98953265BC6500092CC83 /* profile.jpg */; };
/* End PBXBuildFile section */

/* Begin PBXFileReference section */
		661ACF70265433640032CADD /* Weibo.app */ = {isa = PBXFileReference; explicitFileType = wrapper.application; includeInIndex = 0; path = Weibo.app; sourceTree = BUILT_PRODUCTS_DIR; };
		661ACF73265433640032CADD /* AppDelegate.h */ = {isa = PBXFileReference; lastKnownFileType = sourcecode.c.h; path = AppDelegate.h; sourceTree = "<group>"; };
		661ACF74265433640032CADD /* AppDelegate.m */ = {isa = PBXFileReference; lastKnownFileType = sourcecode.c.objc; path = AppDelegate.m; sourceTree = "<group>"; };
		661ACF76265433640032CADD /* ViewController.h */ = {isa = PBXFileReference; lastKnownFileType = sourcecode.c.h; path = ViewController.h; sourceTree = "<group>"; };
		661ACF77265433640032CADD /* ViewController.m */ = {isa = PBXFileReference; lastKnownFileType = sourcecode.c.objc; path = ViewController.m; sourceTree = "<group>"; };
		661ACF7C265433670032CADD /* Assets.xcassets */ = {isa = PBXFileReference; lastKnownFileType = folder.assetcatalog; path = Assets.xcassets; sourceTree = "<group>"; };
		661ACF7F265433670032CADD /* Base */ = {isa = PBXFileReference; lastKnownFileType = file.storyboard; name = Base; path = Base.lproj/LaunchScreen.storyboard; sourceTree = "<group>"; };
		661ACF81265433670032CADD /* Info.plist */ = {isa = PBXFileReference; lastKnownFileType = text.plist.xml; path = Info.plist; sourceTree = "<group>"; };
		661ACF82265433670032CADD /* main.m */ = {isa = PBXFileReference; lastKnownFileType = sourcecode.c.objc; path = main.m; sourceTree = "<group>"; };
		66349DBD265753BC00FEBAFC /* WebViewController.h */ = {isa = PBXFileReference; lastKnownFileType = sourcecode.c.h; path = WebViewController.h; sourceTree = "<group>"; };
		66349DBE265753BC00FEBAFC /* WebViewController.m */ = {isa = PBXFileReference; lastKnownFileType = sourcecode.c.objc; path = WebViewController.m; sourceTree = "<group>"; };
		66349DC32658787300FEBAFC /* WeiboViewController.h */ = {isa = PBXFileReference; lastKnownFileType = sourcecode.c.h; path = WeiboViewController.h; sourceTree = "<group>"; };
		66349DC42658787300FEBAFC /* WeiboViewController.m */ = {isa = PBXFileReference; lastKnownFileType = sourcecode.c.objc; path = WeiboViewController.m; sourceTree = "<group>"; };
		66349DC62658789E00FEBAFC /* DiscoverViewController.h */ = {isa = PBXFileReference; lastKnownFileType = sourcecode.c.h; path = DiscoverViewController.h; sourceTree = "<group>"; };
		66349DC72658789E00FEBAFC /* DiscoverViewController.m */ = {isa = PBXFileReference; lastKnownFileType = sourcecode.c.objc; path = DiscoverViewController.m; sourceTree = "<group>"; };
		66349DC9265878C500FEBAFC /* MessageViewController.h */ = {isa = PBXFileReference; lastKnownFileType = sourcecode.c.h; path = MessageViewController.h; sourceTree = "<group>"; };
		66349DCA265878C500FEBAFC /* MessageViewController.m */ = {isa = PBXFileReference; lastKnownFileType = sourcecode.c.objc; path = MessageViewController.m; sourceTree = "<group>"; };
		66349DCC265878DB00FEBAFC /* MyViewController.h */ = {isa = PBXFileReference; lastKnownFileType = sourcecode.c.h; path = MyViewController.h; sourceTree = "<group>"; };
		66349DCD265878DB00FEBAFC /* MyViewController.m */ = {isa = PBXFileReference; lastKnownFileType = sourcecode.c.objc; path = MyViewController.m; sourceTree = "<group>"; };
		663D53012655457D0048E81B /* browse.png */ = {isa = PBXFileReference; lastKnownFileType = image.png; path = browse.png; sourceTree = "<group>"; };
		663D5303265545930048E81B /* email.png */ = {isa = PBXFileReference; lastKnownFileType = image.png; path = email.png; sourceTree = "<group>"; };
		6665ED7F265B5C2C002485E3 /* editViewController.h */ = {isa = PBXFileReference; lastKnownFileType = sourcecode.c.h; path = editViewController.h; sourceTree = "<group>"; };
		6665ED80265B5C2C002485E3 /* editViewController.m */ = {isa = PBXFileReference; lastKnownFileType = sourcecode.c.objc; path = editViewController.m; sourceTree = "<group>"; };
		6665ED8F265BAB59002485E3 /* search.png */ = {isa = PBXFileReference; lastKnownFileType = image.png; path = search.png; sourceTree = "<group>"; };
		6665ED97265BABF2002485E3 /* home1.png */ = {isa = PBXFileReference; lastKnownFileType = image.png; path = home1.png; sourceTree = "<group>"; };
		66B98950265BB0330092CC83 /* WeiboTableViewCell.h */ = {isa = PBXFileReference; lastKnownFileType = sourcecode.c.h; path = WeiboTableViewCell.h; sourceTree = "<group>"; };
		66B98951265BB0330092CC83 /* WeiboTableViewCell.m */ = {isa = PBXFileReference; lastKnownFileType = sourcecode.c.objc; path = WeiboTableViewCell.m; sourceTree = "<group>"; };
		66B98953265BC6500092CC83 /* profile.jpg */ = {isa = PBXFileReference; lastKnownFileType = image.jpeg; path = profile.jpg; sourceTree = "<group>"; };
/* End PBXFileReference section */

/* Begin PBXFrameworksBuildPhase section */
		661ACF6D265433640032CADD /* Frameworks */ = {
			isa = PBXFrameworksBuildPhase;
			buildActionMask = 2147483647;
			files = (
			);
			runOnlyForDeploymentPostprocessing = 0;
		};
/* End PBXFrameworksBuildPhase section */

/* Begin PBXGroup section */
		661ACF67265433640032CADD = {
			isa = PBXGroup;
			children = (
				661ACF72265433640032CADD /* Weibo */,
				661ACF71265433640032CADD /* Products */,
			);
			sourceTree = "<group>";
		};
		661ACF71265433640032CADD /* Products */ = {
			isa = PBXGroup;
			children = (
				661ACF70265433640032CADD /* Weibo.app */,
			);
			name = Products;
			sourceTree = "<group>";
		};
		661ACF72265433640032CADD /* Weibo */ = {
			isa = PBXGroup;
			children = (
				6665ED86265BAA87002485E3 /* DiscoverController */,
				6665ED8B265BAB3F002485E3 /* Image */,
				6665ED89265BAB0E002485E3 /* Main */,
				6665ED88265BAAD3002485E3 /* MessageController */,
				6665ED85265BAA69002485E3 /* MyController */,
				6665ED8A265BAB32002485E3 /* Web */,
				6665ED83265BA9FE002485E3 /* WeiboController */,
			);
			path = Weibo;
			sourceTree = "<group>";
		};
		6665ED83265BA9FE002485E3 /* WeiboController */ = {
			isa = PBXGroup;
			children = (
				66349DC32658787300FEBAFC /* WeiboViewController.h */,
				66349DC42658787300FEBAFC /* WeiboViewController.m */,
				6665ED7F265B5C2C002485E3 /* editViewController.h */,
				6665ED80265B5C2C002485E3 /* editViewController.m */,
				66B98950265BB0330092CC83 /* WeiboTableViewCell.h */,
				66B98951265BB0330092CC83 /* WeiboTableViewCell.m */,
			);
			path = WeiboController;
			sourceTree = "<group>";
		};
		6665ED85265BAA69002485E3 /* MyController */ = {
			isa = PBXGroup;
			children = (
				66349DCC265878DB00FEBAFC /* MyViewController.h */,
				66349DCD265878DB00FEBAFC /* MyViewController.m */,
			);
			path = MyController;
			sourceTree = "<group>";
		};
		6665ED86265BAA87002485E3 /* DiscoverController */ = {
			isa = PBXGroup;
			children = (
				66349DC62658789E00FEBAFC /* DiscoverViewController.h */,
				66349DC72658789E00FEBAFC /* DiscoverViewController.m */,
			);
			name = DiscoverController;
			sourceTree = "<group>";
		};
		6665ED88265BAAD3002485E3 /* MessageController */ = {
			isa = PBXGroup;
			children = (
				66349DCA265878C500FEBAFC /* MessageViewController.m */,
				66349DC9265878C500FEBAFC /* MessageViewController.h */,
			);
			path = MessageController;
			sourceTree = "<group>";
		};
		6665ED89265BAB0E002485E3 /* Main */ = {
			isa = PBXGroup;
			children = (
				661ACF73265433640032CADD /* AppDelegate.h */,
				661ACF76265433640032CADD /* ViewController.h */,
				661ACF74265433640032CADD /* AppDelegate.m */,
				661ACF82265433670032CADD /* main.m */,
				661ACF77265433640032CADD /* ViewController.m */,
				661ACF81265433670032CADD /* Info.plist */,
				661ACF7C265433670032CADD /* Assets.xcassets */,
				661ACF7E265433670032CADD /* LaunchScreen.storyboard */,
			);
			name = Main;
			sourceTree = "<group>";
		};
		6665ED8A265BAB32002485E3 /* Web */ = {
			isa = PBXGroup;
			children = (
				66349DBE265753BC00FEBAFC /* WebViewController.m */,
				66349DBD265753BC00FEBAFC /* WebViewController.h */,
			);
			name = Web;
			sourceTree = "<group>";
		};
		6665ED8B265BAB3F002485E3 /* Image */ = {
			isa = PBXGroup;
			children = (
				66B98953265BC6500092CC83 /* profile.jpg */,
				663D53012655457D0048E81B /* browse.png */,
				663D5303265545930048E81B /* email.png */,
				6665ED97265BABF2002485E3 /* home1.png */,
				6665ED8F265BAB59002485E3 /* search.png */,
			);
			name = Image;
			sourceTree = "<group>";
		};
/* End PBXGroup section */

/* Begin PBXNativeTarget section */
		661ACF6F265433640032CADD /* Weibo */ = {
			isa = PBXNativeTarget;
			buildConfigurationList = 661ACF86265433670032CADD /* Build configuration list for PBXNativeTarget "Weibo" */;
			buildPhases = (
				661ACF6C265433640032CADD /* Sources */,
				661ACF6D265433640032CADD /* Frameworks */,
				661ACF6E265433640032CADD /* Resources */,
			);
			buildRules = (
			);
			dependencies = (
			);
			name = Weibo;
			productName = Weibo;
			productReference = 661ACF70265433640032CADD /* Weibo.app */;
			productType = "com.apple.product-type.application";
		};
/* End PBXNativeTarget section */

/* Begin PBXProject section */
		661ACF68265433640032CADD /* Project object */ = {
			isa = PBXProject;
			attributes = {
				LastUpgradeCheck = 1010;
				ORGANIZATIONNAME = Linfeikai;
				TargetAttributes = {
					661ACF6F265433640032CADD = {
						CreatedOnToolsVersion = 10.1;
					};
				};
			};
			buildConfigurationList = 661ACF6B265433640032CADD /* Build configuration list for PBXProject "Weibo" */;
			compatibilityVersion = "Xcode 9.3";
			developmentRegion = en;
			hasScannedForEncodings = 0;
			knownRegions = (
				en,
				Base,
			);
			mainGroup = 661ACF67265433640032CADD;
			productRefGroup = 661ACF71265433640032CADD /* Products */;
			projectDirPath = "";
			projectRoot = "";
			targets = (
				661ACF6F265433640032CADD /* Weibo */,
			);
		};
/* End PBXProject section */

/* Begin PBXResourcesBuildPhase section */
		661ACF6E265433640032CADD /* Resources */ = {
			isa = PBXResourcesBuildPhase;
			buildActionMask = 2147483647;
			files = (
				6665ED98265BABF2002485E3 /* home1.png in Resources */,
				66B98954265BC6500092CC83 /* profile.jpg in Resources */,
				661ACF80265433670032CADD /* LaunchScreen.storyboard in Resources */,
				661ACF7D265433670032CADD /* Assets.xcassets in Resources */,
				6665ED99265BAD8F002485E3 /* search.png in Resources */,
				663D5304265545930048E81B /* email.png in Resources */,
				663D53022655457E0048E81B /* browse.png in Resources */,
			);
			runOnlyForDeploymentPostprocessing = 0;
		};
/* End PBXResourcesBuildPhase section */

/* Begin PBXSourcesBuildPhase section */
		661ACF6C265433640032CADD /* Sources */ = {
			isa = PBXSourcesBuildPhase;
			buildActionMask = 2147483647;
			files = (
				661ACF78265433640032CADD /* ViewController.m in Sources */,
				66349DC82658789E00FEBAFC /* DiscoverViewController.m in Sources */,
				6665ED81265B5C2C002485E3 /* editViewController.m in Sources */,
				66349DC52658787300FEBAFC /* WeiboViewController.m in Sources */,
				66B98952265BB0330092CC83 /* WeiboTableViewCell.m in Sources */,
				66349DBF265753BC00FEBAFC /* WebViewController.m in Sources */,
				66349DCE265878DB00FEBAFC /* MyViewController.m in Sources */,
				661ACF83265433670032CADD /* main.m in Sources */,
				66349DCB265878C500FEBAFC /* MessageViewController.m in Sources */,
				661ACF75265433640032CADD /* AppDelegate.m in Sources */,
			);
			runOnlyForDeploymentPostprocessing = 0;
		};
/* End PBXSourcesBuildPhase section */

/* Begin PBXVariantGroup section */
		661ACF7E265433670032CADD /* LaunchScreen.storyboard */ = {
			isa = PBXVariantGroup;
			children = (
				661ACF7F265433670032CADD /* Base */,
			);
			name = LaunchScreen.storyboard;
			sourceTree = "<group>";
		};
/* End PBXVariantGroup section */

/* Begin XCBuildConfiguration section */
		661ACF84265433670032CADD /* Debug */ = {
			isa = XCBuildConfiguration;
			buildSettings = {
				ALWAYS_SEARCH_USER_PATHS = NO;
				CLANG_ANALYZER_NONNULL = YES;
				CLANG_ANALYZER_NUMBER_OBJECT_CONVERSION = YES_AGGRESSIVE;
				CLANG_CXX_LANGUAGE_STANDARD = "gnu++14";
				CLANG_CXX_LIBRARY = "libc++";
				CLANG_ENABLE_MODULES = YES;
				CLANG_ENABLE_OBJC_ARC = YES;
				CLANG_ENABLE_OBJC_WEAK = YES;
				CLANG_WARN_BLOCK_CAPTURE_AUTORELEASING = YES;
				CLANG_WARN_BOOL_CONVERSION = YES;
				CLANG_WARN_COMMA = YES;
				CLANG_WARN_CONSTANT_CONVERSION = YES;
				CLANG_WARN_DEPRECATED_OBJC_IMPLEMENTATIONS = YES;
				CLANG_WARN_DIRECT_OBJC_ISA_USAGE = YES_ERROR;
				CLANG_WARN_DOCUMENTATION_COMMENTS = YES;
				CLANG_WARN_EMPTY_BODY = YES;
				CLANG_WARN_ENUM_CONVERSION = YES;
				CLANG_WARN_INFINITE_RECURSION = YES;
				CLANG_WARN_INT_CONVERSION = YES;
				CLANG_WARN_NON_LITERAL_NULL_CONVERSION = YES;
				CLANG_WARN_OBJC_IMPLICIT_RETAIN_SELF = YES;
				CLANG_WARN_OBJC_LITERAL_CONVERSION = YES;
				CLANG_WARN_OBJC_ROOT_CLASS = YES_ERROR;
				CLANG_WARN_RANGE_LOOP_ANALYSIS = YES;
				CLANG_WARN_STRICT_PROTOTYPES = YES;
				CLANG_WARN_SUSPICIOUS_MOVE = YES;
				CLANG_WARN_UNGUARDED_AVAILABILITY = YES_AGGRESSIVE;
				CLANG_WARN_UNREACHABLE_CODE = YES;
				CLANG_WARN__DUPLICATE_METHOD_MATCH = YES;
				CODE_SIGN_IDENTITY = "iPhone Developer";
				COPY_PHASE_STRIP = NO;
				DEBUG_INFORMATION_FORMAT = dwarf;
				ENABLE_STRICT_OBJC_MSGSEND = YES;
				ENABLE_TESTABILITY = YES;
				GCC_C_LANGUAGE_STANDARD = gnu11;
				GCC_DYNAMIC_NO_PIC = NO;
				GCC_NO_COMMON_BLOCKS = YES;
				GCC_OPTIMIZATION_LEVEL = 0;
				GCC_PREPROCESSOR_DEFINITIONS = (
					"DEBUG=1",
					"$(inherited)",
				);
				GCC_WARN_64_TO_32_BIT_CONVERSION = YES;
				GCC_WARN_ABOUT_RETURN_TYPE = YES_ERROR;
				GCC_WARN_UNDECLARED_SELECTOR = YES;
				GCC_WARN_UNINITIALIZED_AUTOS = YES_AGGRESSIVE;
				GCC_WARN_UNUSED_FUNCTION = YES;
				GCC_WARN_UNUSED_VARIABLE = YES;
				IPHONEOS_DEPLOYMENT_TARGET = 12.1;
				MTL_ENABLE_DEBUG_INFO = INCLUDE_SOURCE;
				MTL_FAST_MATH = YES;
				ONLY_ACTIVE_ARCH = YES;
				SDKROOT = iphoneos;
			};
			name = Debug;
		};
		661ACF85265433670032CADD /* Release */ = {
			isa = XCBuildConfiguration;
			buildSettings = {
				ALWAYS_SEARCH_USER_PATHS = NO;
				CLANG_ANALYZER_NONNULL = YES;
				CLANG_ANALYZER_NUMBER_OBJECT_CONVERSION = YES_AGGRESSIVE;
				CLANG_CXX_LANGUAGE_STANDARD = "gnu++14";
				CLANG_CXX_LIBRARY = "libc++";
				CLANG_ENABLE_MODULES = YES;
				CLANG_ENABLE_OBJC_ARC = YES;
				CLANG_ENABLE_OBJC_WEAK = YES;
				CLANG_WARN_BLOCK_CAPTURE_AUTORELEASING = YES;
				CLANG_WARN_BOOL_CONVERSION = YES;
				CLANG_WARN_COMMA = YES;
				CLANG_WARN_CONSTANT_CONVERSION = YES;
				CLANG_WARN_DEPRECATED_OBJC_IMPLEMENTATIONS = YES;
				CLANG_WARN_DIRECT_OBJC_ISA_USAGE = YES_ERROR;
				CLANG_WARN_DOCUMENTATION_COMMENTS = YES;
				CLANG_WARN_EMPTY_BODY = YES;
				CLANG_WARN_ENUM_CONVERSION = YES;
				CLANG_WARN_INFINITE_RECURSION = YES;
				CLANG_WARN_INT_CONVERSION = YES;
				CLANG_WARN_NON_LITERAL_NULL_CONVERSION = YES;
				CLANG_WARN_OBJC_IMPLICIT_RETAIN_SELF = YES;
				CLANG_WARN_OBJC_LITERAL_CONVERSION = YES;
				CLANG_WARN_OBJC_ROOT_CLASS = YES_ERROR;
				CLANG_WARN_RANGE_LOOP_ANALYSIS = YES;
				CLANG_WARN_STRICT_PROTOTYPES = YES;
				CLANG_WARN_SUSPICIOUS_MOVE = YES;
				CLANG_WARN_UNGUARDED_AVAILABILITY = YES_AGGRESSIVE;
				CLANG_WARN_UNREACHABLE_CODE = YES;
				CLANG_WARN__DUPLICATE_METHOD_MATCH = YES;
				CODE_SIGN_IDENTITY = "iPhone Developer";
				COPY_PHASE_STRIP = NO;
				DEBUG_INFORMATION_FORMAT = "dwarf-with-dsym";
				ENABLE_NS_ASSERTIONS = NO;
				ENABLE_STRICT_OBJC_MSGSEND = YES;
				GCC_C_LANGUAGE_STANDARD = gnu11;
				GCC_NO_COMMON_BLOCKS = YES;
				GCC_WARN_64_TO_32_BIT_CONVERSION = YES;
				GCC_WARN_ABOUT_RETURN_TYPE = YES_ERROR;
				GCC_WARN_UNDECLARED_SELECTOR = YES;
				GCC_WARN_UNINITIALIZED_AUTOS = YES_AGGRESSIVE;
				GCC_WARN_UNUSED_FUNCTION = YES;
				GCC_WARN_UNUSED_VARIABLE = YES;
				IPHONEOS_DEPLOYMENT_TARGET = 12.1;
				MTL_ENABLE_DEBUG_INFO = NO;
				MTL_FAST_MATH = YES;
				SDKROOT = iphoneos;
				VALIDATE_PRODUCT = YES;
			};
			name = Release;
		};
		661ACF87265433670032CADD /* Debug */ = {
			isa = XCBuildConfiguration;
			buildSettings = {
				ASSETCATALOG_COMPILER_APPICON_NAME = AppIcon;
				CODE_SIGN_STYLE = Automatic;
				INFOPLIST_FILE = Weibo/Info.plist;
				LD_RUNPATH_SEARCH_PATHS = (
					"$(inherited)",
					"@executable_path/Frameworks",
				);
				PRODUCT_BUNDLE_IDENTIFIER = Linfeikai.Weibo;
				PRODUCT_NAME = "$(TARGET_NAME)";
				TARGETED_DEVICE_FAMILY = "1,2";
			};
			name = Debug;
		};
		661ACF88265433670032CADD /* Release */ = {
			isa = XCBuildConfiguration;
			buildSettings = {
				ASSETCATALOG_COMPILER_APPICON_NAME = AppIcon;
				CODE_SIGN_STYLE = Automatic;
				INFOPLIST_FILE = Weibo/Info.plist;
				LD_RUNPATH_SEARCH_PATHS = (
					"$(inherited)",
					"@executable_path/Frameworks",
				);
				PRODUCT_BUNDLE_IDENTIFIER = Linfeikai.Weibo;
				PRODUCT_NAME = "$(TARGET_NAME)";
				TARGETED_DEVICE_FAMILY = "1,2";
			};
			name = Release;
		};
/* End XCBuildConfiguration section */

/* Begin XCConfigurationList section */
		661ACF6B265433640032CADD /* Build configuration list for PBXProject "Weibo" */ = {
			isa = XCConfigurationList;
			buildConfigurations = (
				661ACF84265433670032CADD /* Debug */,
				661ACF85265433670032CADD /* Release */,
			);
			defaultConfigurationIsVisible = 0;
			defaultConfigurationName = Release;
		};
		661ACF86265433670032CADD /* Build configuration list for PBXNativeTarget "Weibo" */ = {
			isa = XCConfigurationList;
			buildConfigurations = (
				661ACF87265433670032CADD /* Debug */,
				661ACF88265433670032CADD /* Release */,
			);
			defaultConfigurationIsVisible = 0;
			defaultConfigurationName = Release;
		};
/* End XCConfigurationList section */
	};
	rootObject = 661ACF68265433640032CADD /* Project object */;
}
